
Microsoft Visual Studio Solution File, Format Version 12.00
# Visual Studio Version 17
VisualStudioVersion = 17.14.36414.22
MinimumVisualStudioVersion = 10.0.40219.1
Project("{2150E333-8FDC-42A3-9474-1A3956D46DE8}") = "src", "src", "{C8D5274F-AC00-46C7-1F8D-E88E81087A52}"
EndProject
Project("{FAE04EC0-301F-11D3-BF4B-00C04F79EFBC}") = "Wysg.Musm.Domain", "src\Wysg.Musm.Domain\Wysg.Musm.Domain.csproj", "{01784322-9C04-4041-A4C2-865298DD3737}"
EndProject
Project("{FAE04EC0-301F-11D3-BF4B-00C04F79EFBC}") = "Wysg.Musm.Infrastructure", "src\Wysg.Musm.Infrastructure\Wysg.Musm.Infrastructure.csproj", "{BFD7C5E1-D91A-41C5-91EA-06319FD1DA91}"
EndProject
Project("{FAE04EC0-301F-11D3-BF4B-00C04F79EFBC}") = "Wysg.Musm.UseCases", "src\Wysg.Musm.UseCases\Wysg.Musm.UseCases.csproj", "{6EA33B87-448F-46AC-ACE1-B8403C3E8EA6}"
EndProject
Project("{2150E333-8FDC-42A3-9474-1A3956D46DE8}") = "apps", "apps", "{063E8BFE-FDE3-4C44-8E81-A56FB5C5AF14}"
EndProject
Project("{2150E333-8FDC-42A3-9474-1A3956D46DE8}") = "integrations", "integrations", "{4FC9DEB1-3076-47D7-A80A-A6630AC4696C}"
EndProject
Project("{2150E333-8FDC-42A3-9474-1A3956D46DE8}") = "tests", "tests", "{D4753E82-1FB7-4700-BDAF-D2CB899A7D8E}"
EndProject
Project("{FAE04EC0-301F-11D3-BF4B-00C04F79EFBC}") = "Wysg.Musm.Api", "apps\Wysg.Musm.Api\Wysg.Musm.Api.csproj", "{04A20172-8FA8-2721-22C2-F15068762534}"
EndProject
Project("{FAE04EC0-301F-11D3-BF4B-00C04F79EFBC}") = "Wysg.Musm.Radium", "apps\Wysg.Musm.Radium\Wysg.Musm.Radium.csproj", "{B93BDF98-23C1-EC12-8868-708229A6904B}"
EndProject
Project("{FAE04EC0-301F-11D3-BF4B-00C04F79EFBC}") = "Wysg.Musm.Tests", "tests\Wysg.Musm.Tests\Wysg.Musm.Tests.csproj", "{15381CAF-120D-4592-8333-6049C8C14526}"
EndProject
Project("{2150E333-8FDC-42A3-9474-1A3956D46DE8}") = "cpp", "cpp", "{12C4672C-F4E2-4C9B-A7F6-ADB1655D9560}"
EndProject
Project("{8BC9CEB8-8B4A-11D0-8D11-00A0C91BC942}") = "Wysg.Musm.Llama", "cpp\Wysg.Musm.Llama\Wysg.Musm.Llama.vcxproj", "{1502F1B7-0BC3-4F5C-90CA-33A4F1F1DB99}"
EndProject
Project("{FAE04EC0-301F-11D3-BF4B-00C04F79EFBC}") = "Wysg.Musm.Editor", "src\Wysg.Musm.Editor\Wysg.Musm.Editor.csproj", "{7B3E95C2-C1C9-4DE9-BF77-F23BB83E81EE}"
EndProject
Project("{FAE04EC0-301F-11D3-BF4B-00C04F79EFBC}") = "Wysg.Musm.Editor.Playground", "apps\Wysg.Musm.Editor.Playground\Wysg.Musm.Editor.Playground.csproj", "{393912C8-5E37-4148-8E34-916F386D8313}"
EndProject
Global
	GlobalSection(SolutionConfigurationPlatforms) = preSolution
		Debug|Any CPU = Debug|Any CPU
		Debug|x64 = Debug|x64
		Debug|x86 = Debug|x86
		Release|Any CPU = Release|Any CPU
		Release|x64 = Release|x64
		Release|x86 = Release|x86
	EndGlobalSection
	GlobalSection(ProjectConfigurationPlatforms) = postSolution
		{01784322-9C04-4041-A4C2-865298DD3737}.Debug|Any CPU.ActiveCfg = Debug|Any CPU
		{01784322-9C04-4041-A4C2-865298DD3737}.Debug|Any CPU.Build.0 = Debug|Any CPU
		{01784322-9C04-4041-A4C2-865298DD3737}.Debug|x64.ActiveCfg = Debug|Any CPU
		{01784322-9C04-4041-A4C2-865298DD3737}.Debug|x64.Build.0 = Debug|Any CPU
		{01784322-9C04-4041-A4C2-865298DD3737}.Debug|x86.ActiveCfg = Debug|Any CPU
		{01784322-9C04-4041-A4C2-865298DD3737}.Debug|x86.Build.0 = Debug|Any CPU
		{01784322-9C04-4041-A4C2-865298DD3737}.Release|Any CPU.ActiveCfg = Release|Any CPU
		{01784322-9C04-4041-A4C2-865298DD3737}.Release|Any CPU.Build.0 = Release|Any CPU
		{01784322-9C04-4041-A4C2-865298DD3737}.Release|x64.ActiveCfg = Release|Any CPU
		{01784322-9C04-4041-A4C2-865298DD3737}.Release|x64.Build.0 = Release|Any CPU
		{01784322-9C04-4041-A4C2-865298DD3737}.Release|x86.ActiveCfg = Release|Any CPU
		{01784322-9C04-4041-A4C2-865298DD3737}.Release|x86.Build.0 = Release|Any CPU
		{BFD7C5E1-D91A-41C5-91EA-06319FD1DA91}.Debug|Any CPU.ActiveCfg = Debug|Any CPU
		{BFD7C5E1-D91A-41C5-91EA-06319FD1DA91}.Debug|Any CPU.Build.0 = Debug|Any CPU
		{BFD7C5E1-D91A-41C5-91EA-06319FD1DA91}.Debug|x64.ActiveCfg = Debug|Any CPU
		{BFD7C5E1-D91A-41C5-91EA-06319FD1DA91}.Debug|x64.Build.0 = Debug|Any CPU
		{BFD7C5E1-D91A-41C5-91EA-06319FD1DA91}.Debug|x86.ActiveCfg = Debug|Any CPU
		{BFD7C5E1-D91A-41C5-91EA-06319FD1DA91}.Debug|x86.Build.0 = Debug|Any CPU
		{BFD7C5E1-D91A-41C5-91EA-06319FD1DA91}.Release|Any CPU.ActiveCfg = Release|Any CPU
		{BFD7C5E1-D91A-41C5-91EA-06319FD1DA91}.Release|Any CPU.Build.0 = Release|Any CPU
		{BFD7C5E1-D91A-41C5-91EA-06319FD1DA91}.Release|x64.ActiveCfg = Release|Any CPU
		{BFD7C5E1-D91A-41C5-91EA-06319FD1DA91}.Release|x64.Build.0 = Release|Any CPU
		{BFD7C5E1-D91A-41C5-91EA-06319FD1DA91}.Release|x86.ActiveCfg = Release|Any CPU
		{BFD7C5E1-D91A-41C5-91EA-06319FD1DA91}.Release|x86.Build.0 = Release|Any CPU
		{6EA33B87-448F-46AC-ACE1-B8403C3E8EA6}.Debug|Any CPU.ActiveCfg = Debug|Any CPU
		{6EA33B87-448F-46AC-ACE1-B8403C3E8EA6}.Debug|Any CPU.Build.0 = Debug|Any CPU
		{6EA33B87-448F-46AC-ACE1-B8403C3E8EA6}.Debug|x64.ActiveCfg = Debug|Any CPU
		{6EA33B87-448F-46AC-ACE1-B8403C3E8EA6}.Debug|x64.Build.0 = Debug|Any CPU
		{6EA33B87-448F-46AC-ACE1-B8403C3E8EA6}.Debug|x86.ActiveCfg = Debug|Any CPU
		{6EA33B87-448F-46AC-ACE1-B8403C3E8EA6}.Debug|x86.Build.0 = Debug|Any CPU
		{6EA33B87-448F-46AC-ACE1-B8403C3E8EA6}.Release|Any CPU.ActiveCfg = Release|Any CPU
		{6EA33B87-448F-46AC-ACE1-B8403C3E8EA6}.Release|Any CPU.Build.0 = Release|Any CPU
		{6EA33B87-448F-46AC-ACE1-B8403C3E8EA6}.Release|x64.ActiveCfg = Release|Any CPU
		{6EA33B87-448F-46AC-ACE1-B8403C3E8EA6}.Release|x64.Build.0 = Release|Any CPU
		{6EA33B87-448F-46AC-ACE1-B8403C3E8EA6}.Release|x86.ActiveCfg = Release|Any CPU
		{6EA33B87-448F-46AC-ACE1-B8403C3E8EA6}.Release|x86.Build.0 = Release|Any CPU
		{04A20172-8FA8-2721-22C2-F15068762534}.Debug|Any CPU.ActiveCfg = Debug|Any CPU
		{04A20172-8FA8-2721-22C2-F15068762534}.Debug|Any CPU.Build.0 = Debug|Any CPU
		{04A20172-8FA8-2721-22C2-F15068762534}.Debug|x64.ActiveCfg = Debug|Any CPU
		{04A20172-8FA8-2721-22C2-F15068762534}.Debug|x64.Build.0 = Debug|Any CPU
		{04A20172-8FA8-2721-22C2-F15068762534}.Debug|x86.ActiveCfg = Debug|Any CPU
		{04A20172-8FA8-2721-22C2-F15068762534}.Debug|x86.Build.0 = Debug|Any CPU
		{04A20172-8FA8-2721-22C2-F15068762534}.Release|Any CPU.ActiveCfg = Release|Any CPU
		{04A20172-8FA8-2721-22C2-F15068762534}.Release|Any CPU.Build.0 = Release|Any CPU
		{04A20172-8FA8-2721-22C2-F15068762534}.Release|x64.ActiveCfg = Release|Any CPU
		{04A20172-8FA8-2721-22C2-F15068762534}.Release|x64.Build.0 = Release|Any CPU
		{04A20172-8FA8-2721-22C2-F15068762534}.Release|x86.ActiveCfg = Release|Any CPU
		{04A20172-8FA8-2721-22C2-F15068762534}.Release|x86.Build.0 = Release|Any CPU
		{B93BDF98-23C1-EC12-8868-708229A6904B}.Debug|Any CPU.ActiveCfg = Debug|Any CPU
		{B93BDF98-23C1-EC12-8868-708229A6904B}.Debug|Any CPU.Build.0 = Debug|Any CPU
		{B93BDF98-23C1-EC12-8868-708229A6904B}.Debug|x64.ActiveCfg = Debug|Any CPU
		{B93BDF98-23C1-EC12-8868-708229A6904B}.Debug|x64.Build.0 = Debug|Any CPU
		{B93BDF98-23C1-EC12-8868-708229A6904B}.Debug|x86.ActiveCfg = Debug|Any CPU
		{B93BDF98-23C1-EC12-8868-708229A6904B}.Debug|x86.Build.0 = Debug|Any CPU
		{B93BDF98-23C1-EC12-8868-708229A6904B}.Release|Any CPU.ActiveCfg = Release|Any CPU
		{B93BDF98-23C1-EC12-8868-708229A6904B}.Release|Any CPU.Build.0 = Release|Any CPU
		{B93BDF98-23C1-EC12-8868-708229A6904B}.Release|x64.ActiveCfg = Release|Any CPU
		{B93BDF98-23C1-EC12-8868-708229A6904B}.Release|x64.Build.0 = Release|Any CPU
		{B93BDF98-23C1-EC12-8868-708229A6904B}.Release|x86.ActiveCfg = Release|Any CPU
		{B93BDF98-23C1-EC12-8868-708229A6904B}.Release|x86.Build.0 = Release|Any CPU
		{15381CAF-120D-4592-8333-6049C8C14526}.Debug|Any CPU.ActiveCfg = Debug|Any CPU
		{15381CAF-120D-4592-8333-6049C8C14526}.Debug|Any CPU.Build.0 = Debug|Any CPU
		{15381CAF-120D-4592-8333-6049C8C14526}.Debug|x64.ActiveCfg = Debug|Any CPU
		{15381CAF-120D-4592-8333-6049C8C14526}.Debug|x64.Build.0 = Debug|Any CPU
		{15381CAF-120D-4592-8333-6049C8C14526}.Debug|x86.ActiveCfg = Debug|Any CPU
		{15381CAF-120D-4592-8333-6049C8C14526}.Debug|x86.Build.0 = Debug|Any CPU
		{15381CAF-120D-4592-8333-6049C8C14526}.Release|Any CPU.ActiveCfg = Release|Any CPU
		{15381CAF-120D-4592-8333-6049C8C14526}.Release|Any CPU.Build.0 = Release|Any CPU
		{15381CAF-120D-4592-8333-6049C8C14526}.Release|x64.ActiveCfg = Release|Any CPU
		{15381CAF-120D-4592-8333-6049C8C14526}.Release|x64.Build.0 = Release|Any CPU
		{15381CAF-120D-4592-8333-6049C8C14526}.Release|x86.ActiveCfg = Release|Any CPU
		{15381CAF-120D-4592-8333-6049C8C14526}.Release|x86.Build.0 = Release|Any CPU
		{1502F1B7-0BC3-4F5C-90CA-33A4F1F1DB99}.Debug|Any CPU.ActiveCfg = Debug|x64
		{1502F1B7-0BC3-4F5C-90CA-33A4F1F1DB99}.Debug|Any CPU.Build.0 = Debug|x64
		{1502F1B7-0BC3-4F5C-90CA-33A4F1F1DB99}.Debug|x64.ActiveCfg = Debug|x64
		{1502F1B7-0BC3-4F5C-90CA-33A4F1F1DB99}.Debug|x64.Build.0 = Debug|x64
		{1502F1B7-0BC3-4F5C-90CA-33A4F1F1DB99}.Debug|x86.ActiveCfg = Debug|Win32
		{1502F1B7-0BC3-4F5C-90CA-33A4F1F1DB99}.Debug|x86.Build.0 = Debug|Win32
		{1502F1B7-0BC3-4F5C-90CA-33A4F1F1DB99}.Release|Any CPU.ActiveCfg = Release|x64
		{1502F1B7-0BC3-4F5C-90CA-33A4F1F1DB99}.Release|Any CPU.Build.0 = Release|x64
		{1502F1B7-0BC3-4F5C-90CA-33A4F1F1DB99}.Release|x64.ActiveCfg = Release|x64
		{1502F1B7-0BC3-4F5C-90CA-33A4F1F1DB99}.Release|x64.Build.0 = Release|x64
		{1502F1B7-0BC3-4F5C-90CA-33A4F1F1DB99}.Release|x86.ActiveCfg = Release|Win32
		{1502F1B7-0BC3-4F5C-90CA-33A4F1F1DB99}.Release|x86.Build.0 = Release|Win32
		{7B3E95C2-C1C9-4DE9-BF77-F23BB83E81EE}.Debug|Any CPU.ActiveCfg = Debug|Any CPU
		{7B3E95C2-C1C9-4DE9-BF77-F23BB83E81EE}.Debug|Any CPU.Build.0 = Debug|Any CPU
		{7B3E95C2-C1C9-4DE9-BF77-F23BB83E81EE}.Debug|x64.ActiveCfg = Debug|Any CPU
		{7B3E95C2-C1C9-4DE9-BF77-F23BB83E81EE}.Debug|x64.Build.0 = Debug|Any CPU
		{7B3E95C2-C1C9-4DE9-BF77-F23BB83E81EE}.Debug|x86.ActiveCfg = Debug|Any CPU
		{7B3E95C2-C1C9-4DE9-BF77-F23BB83E81EE}.Debug|x86.Build.0 = Debug|Any CPU
		{7B3E95C2-C1C9-4DE9-BF77-F23BB83E81EE}.Release|Any CPU.ActiveCfg = Release|Any CPU
		{7B3E95C2-C1C9-4DE9-BF77-F23BB83E81EE}.Release|Any CPU.Build.0 = Release|Any CPU
		{7B3E95C2-C1C9-4DE9-BF77-F23BB83E81EE}.Release|x64.ActiveCfg = Release|Any CPU
		{7B3E95C2-C1C9-4DE9-BF77-F23BB83E81EE}.Release|x64.Build.0 = Release|Any CPU
		{7B3E95C2-C1C9-4DE9-BF77-F23BB83E81EE}.Release|x86.ActiveCfg = Release|Any CPU
		{7B3E95C2-C1C9-4DE9-BF77-F23BB83E81EE}.Release|x86.Build.0 = Release|Any CPU
		{393912C8-5E37-4148-8E34-916F386D8313}.Debug|Any CPU.ActiveCfg = Debug|Any CPU
		{393912C8-5E37-4148-8E34-916F386D8313}.Debug|Any CPU.Build.0 = Debug|Any CPU
		{393912C8-5E37-4148-8E34-916F386D8313}.Debug|x64.ActiveCfg = Debug|Any CPU
		{393912C8-5E37-4148-8E34-916F386D8313}.Debug|x64.Build.0 = Debug|Any CPU
		{393912C8-5E37-4148-8E34-916F386D8313}.Debug|x86.ActiveCfg = Debug|Any CPU
		{393912C8-5E37-4148-8E34-916F386D8313}.Debug|x86.Build.0 = Debug|Any CPU
		{393912C8-5E37-4148-8E34-916F386D8313}.Release|Any CPU.ActiveCfg = Release|Any CPU
		{393912C8-5E37-4148-8E34-916F386D8313}.Release|Any CPU.Build.0 = Release|Any CPU
		{393912C8-5E37-4148-8E34-916F386D8313}.Release|x64.ActiveCfg = Release|Any CPU
		{393912C8-5E37-4148-8E34-916F386D8313}.Release|x64.Build.0 = Release|Any CPU
		{393912C8-5E37-4148-8E34-916F386D8313}.Release|x86.ActiveCfg = Release|Any CPU
		{393912C8-5E37-4148-8E34-916F386D8313}.Release|x86.Build.0 = Release|Any CPU
	EndGlobalSection
	GlobalSection(SolutionProperties) = preSolution
		HideSolutionNode = FALSE
	EndGlobalSection
	GlobalSection(NestedProjects) = preSolution
		{01784322-9C04-4041-A4C2-865298DD3737} = {C8D5274F-AC00-46C7-1F8D-E88E81087A52}
		{BFD7C5E1-D91A-41C5-91EA-06319FD1DA91} = {C8D5274F-AC00-46C7-1F8D-E88E81087A52}
		{6EA33B87-448F-46AC-ACE1-B8403C3E8EA6} = {C8D5274F-AC00-46C7-1F8D-E88E81087A52}
		{04A20172-8FA8-2721-22C2-F15068762534} = {063E8BFE-FDE3-4C44-8E81-A56FB5C5AF14}
		{B93BDF98-23C1-EC12-8868-708229A6904B} = {063E8BFE-FDE3-4C44-8E81-A56FB5C5AF14}
		{15381CAF-120D-4592-8333-6049C8C14526} = {D4753E82-1FB7-4700-BDAF-D2CB899A7D8E}
		{1502F1B7-0BC3-4F5C-90CA-33A4F1F1DB99} = {12C4672C-F4E2-4C9B-A7F6-ADB1655D9560}
		{7B3E95C2-C1C9-4DE9-BF77-F23BB83E81EE} = {C8D5274F-AC00-46C7-1F8D-E88E81087A52}
		{393912C8-5E37-4148-8E34-916F386D8313} = {063E8BFE-FDE3-4C44-8E81-A56FB5C5AF14}
	EndGlobalSection
	GlobalSection(ExtensibilityGlobals) = postSolution
		SolutionGuid = {F5BEFC99-F9A9-477F-ACE1-CE87C95C43EB}
	EndGlobalSection
EndGlobal
