
Microsoft Visual Studio Solution File, Format Version 12.00
# Visual Studio Version 17
VisualStudioVersion = 17.14.36414.22
MinimumVisualStudioVersion = 10.0.40219.1
Project("{2150E333-8FDC-42A3-9474-1A3956D46DE8}") = "src", "src", "{C8D5274F-AC00-46C7-1F8D-E88E81087A52}"
EndProject
Project("{FAE04EC0-301F-11D3-BF4B-00C04F79EFBC}") = "Wysg.Musm.Domain", "src\Wysg.Musm.Domain\Wysg.Musm.Domain.csproj", "{01784322-9C04-4041-A4C2-865298DD3737}"
EndProject
Project("{FAE04EC0-301F-11D3-BF4B-00C04F79EFBC}") = "Wysg.Musm.Infrastructure", "src\Wysg.Musm.Infrastructure\Wysg.Musm.Infrastructure.csproj", "{BFD7C5E1-D91A-41C5-91EA-06319FD1DA91}"
EndProject
Project("{FAE04EC0-301F-11D3-BF4B-00C04F79EFBC}") = "Wysg.Musm.UseCases", "src\Wysg.Musm.UseCases\Wysg.Musm.UseCases.csproj", "{6EA33B87-448F-46AC-ACE1-B8403C3E8EA6}"
EndProject
Project("{2150E333-8FDC-42A3-9474-1A3956D46DE8}") = "apps", "apps", "{063E8BFE-FDE3-4C44-8E81-A56FB5C5AF14}"
EndProject
Project("{2150E333-8FDC-42A3-9474-1A3956D46DE8}") = "integrations", "integrations", "{4FC9DEB1-3076-47D7-A80A-A6630AC4696C}"
EndProject
Project("{2150E333-8FDC-42A3-9474-1A3956D46DE8}") = "tests", "tests", "{D4753E82-1FB7-4700-BDAF-D2CB899A7D8E}"
EndProject
Project("{FAE04EC0-301F-11D3-BF4B-00C04F79EFBC}") = "Wysg.Musm.Api", "apps\Wysg.Musm.Api\Wysg.Musm.Api.csproj", "{04A20172-8FA8-2721-22C2-F15068762534}"
EndProject
Project("{FAE04EC0-301F-11D3-BF4B-00C04F79EFBC}") = "Wysg.Musm.Radium", "apps\Wysg.Musm.Radium\Wysg.Musm.Radium.csproj", "{B93BDF98-23C1-EC12-8868-708229A6904B}"
EndProject
Project("{FAE04EC0-301F-11D3-BF4B-00C04F79EFBC}") = "Wysg.Musm.Tests", "tests\Wysg.Musm.Tests\Wysg.Musm.Tests.csproj", "{15381CAF-120D-4592-8333-6049C8C14526}"
EndProject
Project("{FAE04EC0-301F-11D3-BF4B-00C04F79EFBC}") = "Wysg.Musm.Editor", "src\Wysg.Musm.Editor\Wysg.Musm.Editor.csproj", "{7B3E95C2-C1C9-4DE9-BF77-F23BB83E81EE}"
EndProject
Project("{FAE04EC0-301F-11D3-BF4B-00C04F79EFBC}") = "Wysg.Musm.Editor.Playground", "apps\Wysg.Musm.Editor.Playground\Wysg.Musm.Editor.Playground.csproj", "{393912C8-5E37-4148-8E34-916F386D8313}"
EndProject
Project("{FAE04EC0-301F-11D3-BF4B-00C04F79EFBC}") = "Wysg.Musm.GhostApi", "apps\Wysg.Musm.GhostApi\Wysg.Musm.GhostApi.csproj", "{E193E5AB-0CC1-472D-B31E-75B60A80226E}"
EndProject
Project("{FAE04EC0-301F-11D3-BF4B-00C04F79EFBC}") = "Wysg.Musm.RuleEngine", "src\Wysg.Musm.RuleEngine\Wysg.Musm.RuleEngine.csproj", "{96EAB23C-C40D-466B-9C72-CB8F5CF320DE}"
EndProject
Project("{2150E333-8FDC-42A3-9474-1A3956D46DE8}") = "workers", "workers", "{EF4FFB67-F962-467E-86C8-B4D096657890}"
EndProject
Project("{2150E333-8FDC-42A3-9474-1A3956D46DE8}") = "embeddings", "embeddings", "{6EAFA525-F419-4F98-B133-1DDFD6191E33}"
	ProjectSection(SolutionItems) = preProject
		.env.example = .env.example
		Dockerfile = Dockerfile
		embed_phrases.py = embed_phrases.py
		requirements.txt = requirements.txt
	EndProjectSection
EndProject
Project("{FAE04EC0-301F-11D3-BF4B-00C04F79EFBC}") = "Wysg.Musm.EditorDataStudio", "apps\Wysg.Musm.EditorDataStudio\Wysg.Musm.EditorDataStudio.csproj", "{27AFEC72-F9E7-4438-A07C-746CC7F977D4}"
EndProject
Project("{2150E333-8FDC-42A3-9474-1A3956D46DE8}") = "db", "db", "{FBDA37CE-3C65-41AB-ACC0-930D96320756}"
EndProject
Project("{2150E333-8FDC-42A3-9474-1A3956D46DE8}") = "schema", "schema", "{B9D2745B-BAF8-4A14-9033-06A38F14458A}"
	ProjectSection(SolutionItems) = preProject
		db\schema\central_db(azure)_20251007.sql = db\schema\central_db(azure)_20251007.sql
		db\schema\local_db(wysg_dev)_20250928.sql = db\schema\local_db(wysg_dev)_20250928.sql
		db\schema\wysg_dev_schema_20250915_home.sql = db\schema\wysg_dev_schema_20250915_home.sql
	EndProjectSection
EndProject
Project("{2150E333-8FDC-42A3-9474-1A3956D46DE8}") = "legacy", "legacy", "{96E71CB2-B793-4AAD-95A2-93A165238CA3}"
EndProject
Project("{FAE04EC0-301F-11D3-BF4B-00C04F79EFBC}") = "Wynolab.Musm.A.Core", "legacy\Wynolab.Musm.A.Core\Wynolab.Musm.A.Core.csproj", "{BDC34740-144E-DFBB-16C9-5173CDB20690}"
EndProject
Project("{FAE04EC0-301F-11D3-BF4B-00C04F79EFBC}") = "Wynolab.Musm.A.Rad", "legacy\Wynolab.Musm.A.Rad\Wynolab.Musm.A.Rad.csproj", "{10F79AC6-9B2C-9FCD-5CD1-866F2568E494}"
EndProject
Project("{FAE04EC0-301F-11D3-BF4B-00C04F79EFBC}") = "Wysg.Musm.MFCUIA", "src\Wysg.Musm.MFCUIA\Wysg.Musm.MFCUIA.csproj", "{6498A7F1-40D7-413D-BF88-5F58728BF988}"
EndProject
Project("{FAE04EC0-301F-11D3-BF4B-00C04F79EFBC}") = "Wynolab.Musm.A.Native", "legacy\Wynolab.Musm.A.Native\Wynolab.Musm.A.Native.csproj", "{E357152B-CACD-B393-3195-297E2EF727C1}"
EndProject
Project("{FAE04EC0-301F-11D3-BF4B-00C04F79EFBC}") = "Wynolab.Musm.A.Editor", "legacy\Wynolab.Musm.A.Editor\Wynolab.Musm.A.Editor.csproj", "{79657B98-0A95-1FD6-F7F6-90EFE4FFD2F4}"
EndProject
Global
	GlobalSection(SolutionConfigurationPlatforms) = preSolution
		Debug|Any CPU = Debug|Any CPU
		Debug|x64 = Debug|x64
		Debug|x86 = Debug|x86
		Release|Any CPU = Release|Any CPU
		Release|x64 = Release|x64
		Release|x86 = Release|x86
	EndGlobalSection
	GlobalSection(ProjectConfigurationPlatforms) = postSolution
		{01784322-9C04-4041-A4C2-865298DD3737}.Debug|Any CPU.ActiveCfg = Debug|Any CPU
		{01784322-9C04-4041-A4C2-865298DD3737}.Debug|Any CPU.Build.0 = Debug|Any CPU
		{01784322-9C04-4041-A4C2-865298DD3737}.Debug|x64.ActiveCfg = Debug|Any CPU
		{01784322-9C04-4041-A4C2-865298DD3737}.Debug|x64.Build.0 = Debug|Any CPU
		{01784322-9C04-4041-A4C2-865298DD3737}.Debug|x86.ActiveCfg = Debug|Any CPU
		{01784322-9C04-4041-A4C2-865298DD3737}.Debug|x86.Build.0 = Debug|Any CPU
		{01784322-9C04-4041-A4C2-865298DD3737}.Release|Any CPU.ActiveCfg = Release|Any CPU
		{01784322-9C04-4041-A4C2-865298DD3737}.Release|Any CPU.Build.0 = Release|Any CPU
		{01784322-9C04-4041-A4C2-865298DD3737}.Release|x64.ActiveCfg = Release|Any CPU
		{01784322-9C04-4041-A4C2-865298DD3737}.Release|x64.Build.0 = Release|Any CPU
		{01784322-9C04-4041-A4C2-865298DD3737}.Release|x86.ActiveCfg = Release|Any CPU
		{01784322-9C04-4041-A4C2-865298DD3737}.Release|x86.Build.0 = Release|Any CPU
		{BFD7C5E1-D91A-41C5-91EA-06319FD1DA91}.Debug|Any CPU.ActiveCfg = Debug|Any CPU
		{BFD7C5E1-D91A-41C5-91EA-06319FD1DA91}.Debug|Any CPU.Build.0 = Debug|Any CPU
		{BFD7C5E1-D91A-41C5-91EA-06319FD1DA91}.Debug|x64.ActiveCfg = Debug|Any CPU
		{BFD7C5E1-D91A-41C5-91EA-06319FD1DA91}.Debug|x64.Build.0 = Debug|Any CPU
		{BFD7C5E1-D91A-41C5-91EA-06319FD1DA91}.Debug|x86.ActiveCfg = Debug|Any CPU
		{BFD7C5E1-D91A-41C5-91EA-06319FD1DA91}.Debug|x86.Build.0 = Debug|Any CPU
		{BFD7C5E1-D91A-41C5-91EA-06319FD1DA91}.Release|Any CPU.ActiveCfg = Release|Any CPU
		{BFD7C5E1-D91A-41C5-91EA-06319FD1DA91}.Release|Any CPU.Build.0 = Release|Any CPU
		{BFD7C5E1-D91A-41C5-91EA-06319FD1DA91}.Release|x64.ActiveCfg = Release|Any CPU
		{BFD7C5E1-D91A-41C5-91EA-06319FD1DA91}.Release|x64.Build.0 = Release|Any CPU
		{BFD7C5E1-D91A-41C5-91EA-06319FD1DA91}.Release|x86.ActiveCfg = Release|Any CPU
		{BFD7C5E1-D91A-41C5-91EA-06319FD1DA91}.Release|x86.Build.0 = Release|Any CPU
		{6EA33B87-448F-46AC-ACE1-B8403C3E8EA6}.Debug|Any CPU.ActiveCfg = Debug|Any CPU
		{6EA33B87-448F-46AC-ACE1-B8403C3E8EA6}.Debug|Any CPU.Build.0 = Debug|Any CPU
		{6EA33B87-448F-46AC-ACE1-B8403C3E8EA6}.Debug|x64.ActiveCfg = Debug|Any CPU
		{6EA33B87-448F-46AC-ACE1-B8403C3E8EA6}.Debug|x64.Build.0 = Debug|Any CPU
		{6EA33B87-448F-46AC-ACE1-B8403C3E8EA6}.Debug|x86.ActiveCfg = Debug|Any CPU
		{6EA33B87-448F-46AC-ACE1-B8403C3E8EA6}.Debug|x86.Build.0 = Debug|Any CPU
		{6EA33B87-448F-46AC-ACE1-B8403C3E8EA6}.Release|Any CPU.ActiveCfg = Release|Any CPU
		{6EA33B87-448F-46AC-ACE1-B8403C3E8EA6}.Release|Any CPU.Build.0 = Release|Any CPU
		{6EA33B87-448F-46AC-ACE1-B8403C3E8EA6}.Release|x64.ActiveCfg = Release|Any CPU
		{6EA33B87-448F-46AC-ACE1-B8403C3E8EA6}.Release|x64.Build.0 = Release|Any CPU
		{6EA33B87-448F-46AC-ACE1-B8403C3E8EA6}.Release|x86.ActiveCfg = Release|Any CPU
		{6EA33B87-448F-46AC-ACE1-B8403C3E8EA6}.Release|x86.Build.0 = Release|Any CPU
		{04A20172-8FA8-2721-22C2-F15068762534}.Debug|Any CPU.ActiveCfg = Debug|Any CPU
		{04A20172-8FA8-2721-22C2-F15068762534}.Debug|Any CPU.Build.0 = Debug|Any CPU
		{04A20172-8FA8-2721-22C2-F15068762534}.Debug|x64.ActiveCfg = Debug|Any CPU
		{04A20172-8FA8-2721-22C2-F15068762534}.Debug|x64.Build.0 = Debug|Any CPU
		{04A20172-8FA8-2721-22C2-F15068762534}.Debug|x86.ActiveCfg = Debug|Any CPU
		{04A20172-8FA8-2721-22C2-F15068762534}.Debug|x86.Build.0 = Debug|Any CPU
		{04A20172-8FA8-2721-22C2-F15068762534}.Release|Any CPU.ActiveCfg = Release|Any CPU
		{04A20172-8FA8-2721-22C2-F15068762534}.Release|Any CPU.Build.0 = Release|Any CPU
		{04A20172-8FA8-2721-22C2-F15068762534}.Release|x64.ActiveCfg = Release|Any CPU
		{04A20172-8FA8-2721-22C2-F15068762534}.Release|x64.Build.0 = Release|Any CPU
		{04A20172-8FA8-2721-22C2-F15068762534}.Release|x86.ActiveCfg = Release|Any CPU
		{04A20172-8FA8-2721-22C2-F15068762534}.Release|x86.Build.0 = Release|Any CPU
		{B93BDF98-23C1-EC12-8868-708229A6904B}.Debug|Any CPU.ActiveCfg = Debug|Any CPU
		{B93BDF98-23C1-EC12-8868-708229A6904B}.Debug|Any CPU.Build.0 = Debug|Any CPU
		{B93BDF98-23C1-EC12-8868-708229A6904B}.Debug|x64.ActiveCfg = Debug|Any CPU
		{B93BDF98-23C1-EC12-8868-708229A6904B}.Debug|x64.Build.0 = Debug|Any CPU
		{B93BDF98-23C1-EC12-8868-708229A6904B}.Debug|x86.ActiveCfg = Debug|Any CPU
		{B93BDF98-23C1-EC12-8868-708229A6904B}.Debug|x86.Build.0 = Debug|Any CPU
		{B93BDF98-23C1-EC12-8868-708229A6904B}.Release|Any CPU.ActiveCfg = Release|Any CPU
		{B93BDF98-23C1-EC12-8868-708229A6904B}.Release|Any CPU.Build.0 = Release|Any CPU
		{B93BDF98-23C1-EC12-8868-708229A6904B}.Release|x64.ActiveCfg = Release|Any CPU
		{B93BDF98-23C1-EC12-8868-708229A6904B}.Release|x64.Build.0 = Release|Any CPU
		{B93BDF98-23C1-EC12-8868-708229A6904B}.Release|x86.ActiveCfg = Release|Any CPU
		{B93BDF98-23C1-EC12-8868-708229A6904B}.Release|x86.Build.0 = Release|Any CPU
		{15381CAF-120D-4592-8333-6049C8C14526}.Debug|Any CPU.ActiveCfg = Debug|Any CPU
		{15381CAF-120D-4592-8333-6049C8C14526}.Debug|Any CPU.Build.0 = Debug|Any CPU
		{15381CAF-120D-4592-8333-6049C8C14526}.Debug|x64.ActiveCfg = Debug|Any CPU
		{15381CAF-120D-4592-8333-6049C8C14526}.Debug|x64.Build.0 = Debug|Any CPU
		{15381CAF-120D-4592-8333-6049C8C14526}.Debug|x86.ActiveCfg = Debug|Any CPU
		{15381CAF-120D-4592-8333-6049C8C14526}.Debug|x86.Build.0 = Debug|Any CPU
		{15381CAF-120D-4592-8333-6049C8C14526}.Release|Any CPU.ActiveCfg = Release|Any CPU
		{15381CAF-120D-4592-8333-6049C8C14526}.Release|Any CPU.Build.0 = Release|Any CPU
		{15381CAF-120D-4592-8333-6049C8C14526}.Release|x64.ActiveCfg = Release|Any CPU
		{15381CAF-120D-4592-8333-6049C8C14526}.Release|x64.Build.0 = Release|Any CPU
		{15381CAF-120D-4592-8333-6049C8C14526}.Release|x86.ActiveCfg = Release|Any CPU
		{15381CAF-120D-4592-8333-6049C8C14526}.Release|x86.Build.0 = Release|Any CPU
		{7B3E95C2-C1C9-4DE9-BF77-F23BB83E81EE}.Debug|Any CPU.ActiveCfg = Debug|Any CPU
		{7B3E95C2-C1C9-4DE9-BF77-F23BB83E81EE}.Debug|Any CPU.Build.0 = Debug|Any CPU
		{7B3E95C2-C1C9-4DE9-BF77-F23BB83E81EE}.Debug|x64.ActiveCfg = Debug|Any CPU
		{7B3E95C2-C1C9-4DE9-BF77-F23BB83E81EE}.Debug|x64.Build.0 = Debug|Any CPU
		{7B3E95C2-C1C9-4DE9-BF77-F23BB83E81EE}.Debug|x86.ActiveCfg = Debug|Any CPU
		{7B3E95C2-C1C9-4DE9-BF77-F23BB83E81EE}.Debug|x86.Build.0 = Debug|Any CPU
		{7B3E95C2-C1C9-4DE9-BF77-F23BB83E81EE}.Release|Any CPU.ActiveCfg = Release|Any CPU
		{7B3E95C2-C1C9-4DE9-BF77-F23BB83E81EE}.Release|Any CPU.Build.0 = Release|Any CPU
		{7B3E95C2-C1C9-4DE9-BF77-F23BB83E81EE}.Release|x64.ActiveCfg = Release|Any CPU
		{7B3E95C2-C1C9-4DE9-BF77-F23BB83E81EE}.Release|x64.Build.0 = Release|Any CPU
		{7B3E95C2-C1C9-4DE9-BF77-F23BB83E81EE}.Release|x86.ActiveCfg = Release|Any CPU
		{7B3E95C2-C1C9-4DE9-BF77-F23BB83E81EE}.Release|x86.Build.0 = Release|Any CPU
		{393912C8-5E37-4148-8E34-916F386D8313}.Debug|Any CPU.ActiveCfg = Debug|Any CPU
		{393912C8-5E37-4148-8E34-916F386D8313}.Debug|Any CPU.Build.0 = Debug|Any CPU
		{393912C8-5E37-4148-8E34-916F386D8313}.Debug|x64.ActiveCfg = Debug|Any CPU
		{393912C8-5E37-4148-8E34-916F386D8313}.Debug|x64.Build.0 = Debug|Any CPU
		{393912C8-5E37-4148-8E34-916F386D8313}.Debug|x86.ActiveCfg = Debug|Any CPU
		{393912C8-5E37-4148-8E34-916F386D8313}.Debug|x86.Build.0 = Debug|Any CPU
		{393912C8-5E37-4148-8E34-916F386D8313}.Release|Any CPU.ActiveCfg = Release|Any CPU
		{393912C8-5E37-4148-8E34-916F386D8313}.Release|Any CPU.Build.0 = Release|Any CPU
		{393912C8-5E37-4148-8E34-916F386D8313}.Release|x64.ActiveCfg = Release|Any CPU
		{393912C8-5E37-4148-8E34-916F386D8313}.Release|x64.Build.0 = Release|Any CPU
		{393912C8-5E37-4148-8E34-916F386D8313}.Release|x86.ActiveCfg = Release|Any CPU
		{393912C8-5E37-4148-8E34-916F386D8313}.Release|x86.Build.0 = Release|Any CPU
		{E193E5AB-0CC1-472D-B31E-75B60A80226E}.Debug|Any CPU.ActiveCfg = Debug|Any CPU
		{E193E5AB-0CC1-472D-B31E-75B60A80226E}.Debug|Any CPU.Build.0 = Debug|Any CPU
		{E193E5AB-0CC1-472D-B31E-75B60A80226E}.Debug|x64.ActiveCfg = Debug|Any CPU
		{E193E5AB-0CC1-472D-B31E-75B60A80226E}.Debug|x64.Build.0 = Debug|Any CPU
		{E193E5AB-0CC1-472D-B31E-75B60A80226E}.Debug|x86.ActiveCfg = Debug|Any CPU
		{E193E5AB-0CC1-472D-B31E-75B60A80226E}.Debug|x86.Build.0 = Debug|Any CPU
		{E193E5AB-0CC1-472D-B31E-75B60A80226E}.Release|Any CPU.ActiveCfg = Release|Any CPU
		{E193E5AB-0CC1-472D-B31E-75B60A80226E}.Release|Any CPU.Build.0 = Release|Any CPU
		{E193E5AB-0CC1-472D-B31E-75B60A80226E}.Release|x64.ActiveCfg = Release|Any CPU
		{E193E5AB-0CC1-472D-B31E-75B60A80226E}.Release|x64.Build.0 = Release|Any CPU
		{E193E5AB-0CC1-472D-B31E-75B60A80226E}.Release|x86.ActiveCfg = Release|Any CPU
		{E193E5AB-0CC1-472D-B31E-75B60A80226E}.Release|x86.Build.0 = Release|Any CPU
		{96EAB23C-C40D-466B-9C72-CB8F5CF320DE}.Debug|Any CPU.ActiveCfg = Debug|Any CPU
		{96EAB23C-C40D-466B-9C72-CB8F5CF320DE}.Debug|Any CPU.Build.0 = Debug|Any CPU
		{96EAB23C-C40D-466B-9C72-CB8F5CF320DE}.Debug|x64.ActiveCfg = Debug|Any CPU
		{96EAB23C-C40D-466B-9C72-CB8F5CF320DE}.Debug|x64.Build.0 = Debug|Any CPU
		{96EAB23C-C40D-466B-9C72-CB8F5CF320DE}.Debug|x86.ActiveCfg = Debug|Any CPU
		{96EAB23C-C40D-466B-9C72-CB8F5CF320DE}.Debug|x86.Build.0 = Debug|Any CPU
		{96EAB23C-C40D-466B-9C72-CB8F5CF320DE}.Release|Any CPU.ActiveCfg = Release|Any CPU
		{96EAB23C-C40D-466B-9C72-CB8F5CF320DE}.Release|Any CPU.Build.0 = Release|Any CPU
		{96EAB23C-C40D-466B-9C72-CB8F5CF320DE}.Release|x64.ActiveCfg = Release|Any CPU
		{96EAB23C-C40D-466B-9C72-CB8F5CF320DE}.Release|x64.Build.0 = Release|Any CPU
		{96EAB23C-C40D-466B-9C72-CB8F5CF320DE}.Release|x86.ActiveCfg = Release|Any CPU
		{96EAB23C-C40D-466B-9C72-CB8F5CF320DE}.Release|x86.Build.0 = Release|Any CPU
		{27AFEC72-F9E7-4438-A07C-746CC7F977D4}.Debug|Any CPU.ActiveCfg = Debug|Any CPU
		{27AFEC72-F9E7-4438-A07C-746CC7F977D4}.Debug|Any CPU.Build.0 = Debug|Any CPU
		{27AFEC72-F9E7-4438-A07C-746CC7F977D4}.Debug|x64.ActiveCfg = Debug|Any CPU
		{27AFEC72-F9E7-4438-A07C-746CC7F977D4}.Debug|x64.Build.0 = Debug|Any CPU
		{27AFEC72-F9E7-4438-A07C-746CC7F977D4}.Debug|x86.ActiveCfg = Debug|Any CPU
		{27AFEC72-F9E7-4438-A07C-746CC7F977D4}.Debug|x86.Build.0 = Debug|Any CPU
		{27AFEC72-F9E7-4438-A07C-746CC7F977D4}.Release|Any CPU.ActiveCfg = Release|Any CPU
		{27AFEC72-F9E7-4438-A07C-746CC7F977D4}.Release|Any CPU.Build.0 = Release|Any CPU
		{27AFEC72-F9E7-4438-A07C-746CC7F977D4}.Release|x64.ActiveCfg = Release|Any CPU
		{27AFEC72-F9E7-4438-A07C-746CC7F977D4}.Release|x64.Build.0 = Release|Any CPU
		{27AFEC72-F9E7-4438-A07C-746CC7F977D4}.Release|x86.ActiveCfg = Release|Any CPU
		{27AFEC72-F9E7-4438-A07C-746CC7F977D4}.Release|x86.Build.0 = Release|Any CPU
		{BDC34740-144E-DFBB-16C9-5173CDB20690}.Debug|Any CPU.ActiveCfg = Debug|Any CPU
		{BDC34740-144E-DFBB-16C9-5173CDB20690}.Debug|Any CPU.Build.0 = Debug|Any CPU
		{BDC34740-144E-DFBB-16C9-5173CDB20690}.Debug|x64.ActiveCfg = Debug|Any CPU
		{BDC34740-144E-DFBB-16C9-5173CDB20690}.Debug|x64.Build.0 = Debug|Any CPU
		{BDC34740-144E-DFBB-16C9-5173CDB20690}.Debug|x86.ActiveCfg = Debug|Any CPU
		{BDC34740-144E-DFBB-16C9-5173CDB20690}.Debug|x86.Build.0 = Debug|Any CPU
		{BDC34740-144E-DFBB-16C9-5173CDB20690}.Release|Any CPU.ActiveCfg = Release|Any CPU
		{BDC34740-144E-DFBB-16C9-5173CDB20690}.Release|Any CPU.Build.0 = Release|Any CPU
		{BDC34740-144E-DFBB-16C9-5173CDB20690}.Release|x64.ActiveCfg = Release|Any CPU
		{BDC34740-144E-DFBB-16C9-5173CDB20690}.Release|x64.Build.0 = Release|Any CPU
		{BDC34740-144E-DFBB-16C9-5173CDB20690}.Release|x86.ActiveCfg = Release|Any CPU
		{BDC34740-144E-DFBB-16C9-5173CDB20690}.Release|x86.Build.0 = Release|Any CPU
		{10F79AC6-9B2C-9FCD-5CD1-866F2568E494}.Debug|Any CPU.ActiveCfg = Debug|Any CPU
		{10F79AC6-9B2C-9FCD-5CD1-866F2568E494}.Debug|Any CPU.Build.0 = Debug|Any CPU
		{10F79AC6-9B2C-9FCD-5CD1-866F2568E494}.Debug|x64.ActiveCfg = Debug|Any CPU
		{10F79AC6-9B2C-9FCD-5CD1-866F2568E494}.Debug|x64.Build.0 = Debug|Any CPU
		{10F79AC6-9B2C-9FCD-5CD1-866F2568E494}.Debug|x86.ActiveCfg = Debug|Any CPU
		{10F79AC6-9B2C-9FCD-5CD1-866F2568E494}.Debug|x86.Build.0 = Debug|Any CPU
		{10F79AC6-9B2C-9FCD-5CD1-866F2568E494}.Release|Any CPU.ActiveCfg = Release|Any CPU
		{10F79AC6-9B2C-9FCD-5CD1-866F2568E494}.Release|Any CPU.Build.0 = Release|Any CPU
		{10F79AC6-9B2C-9FCD-5CD1-866F2568E494}.Release|x64.ActiveCfg = Release|Any CPU
		{10F79AC6-9B2C-9FCD-5CD1-866F2568E494}.Release|x64.Build.0 = Release|Any CPU
		{10F79AC6-9B2C-9FCD-5CD1-866F2568E494}.Release|x86.ActiveCfg = Release|Any CPU
		{10F79AC6-9B2C-9FCD-5CD1-866F2568E494}.Release|x86.Build.0 = Release|Any CPU
		{6498A7F1-40D7-413D-BF88-5F58728BF988}.Debug|Any CPU.ActiveCfg = Debug|Any CPU
		{6498A7F1-40D7-413D-BF88-5F58728BF988}.Debug|Any CPU.Build.0 = Debug|Any CPU
		{6498A7F1-40D7-413D-BF88-5F58728BF988}.Debug|x64.ActiveCfg = Debug|Any CPU
		{6498A7F1-40D7-413D-BF88-5F58728BF988}.Debug|x64.Build.0 = Debug|Any CPU
		{6498A7F1-40D7-413D-BF88-5F58728BF988}.Debug|x86.ActiveCfg = Debug|Any CPU
		{6498A7F1-40D7-413D-BF88-5F58728BF988}.Debug|x86.Build.0 = Debug|Any CPU
		{6498A7F1-40D7-413D-BF88-5F58728BF988}.Release|Any CPU.ActiveCfg = Release|Any CPU
		{6498A7F1-40D7-413D-BF88-5F58728BF988}.Release|Any CPU.Build.0 = Release|Any CPU
		{6498A7F1-40D7-413D-BF88-5F58728BF988}.Release|x64.ActiveCfg = Release|Any CPU
		{6498A7F1-40D7-413D-BF88-5F58728BF988}.Release|x64.Build.0 = Release|Any CPU
		{6498A7F1-40D7-413D-BF88-5F58728BF988}.Release|x86.ActiveCfg = Release|Any CPU
		{6498A7F1-40D7-413D-BF88-5F58728BF988}.Release|x86.Build.0 = Release|Any CPU
		{E357152B-CACD-B393-3195-297E2EF727C1}.Debug|Any CPU.ActiveCfg = Debug|Any CPU
		{E357152B-CACD-B393-3195-297E2EF727C1}.Debug|Any CPU.Build.0 = Debug|Any CPU
		{E357152B-CACD-B393-3195-297E2EF727C1}.Debug|x64.ActiveCfg = Debug|Any CPU
		{E357152B-CACD-B393-3195-297E2EF727C1}.Debug|x64.Build.0 = Debug|Any CPU
		{E357152B-CACD-B393-3195-297E2EF727C1}.Debug|x86.ActiveCfg = Debug|Any CPU
		{E357152B-CACD-B393-3195-297E2EF727C1}.Debug|x86.Build.0 = Debug|Any CPU
		{E357152B-CACD-B393-3195-297E2EF727C1}.Release|Any CPU.ActiveCfg = Release|Any CPU
		{E357152B-CACD-B393-3195-297E2EF727C1}.Release|Any CPU.Build.0 = Release|Any CPU
		{E357152B-CACD-B393-3195-297E2EF727C1}.Release|x64.ActiveCfg = Release|Any CPU
		{E357152B-CACD-B393-3195-297E2EF727C1}.Release|x64.Build.0 = Release|Any CPU
		{E357152B-CACD-B393-3195-297E2EF727C1}.Release|x86.ActiveCfg = Release|Any CPU
		{E357152B-CACD-B393-3195-297E2EF727C1}.Release|x86.Build.0 = Release|Any CPU
		{79657B98-0A95-1FD6-F7F6-90EFE4FFD2F4}.Debug|Any CPU.ActiveCfg = Debug|Any CPU
		{79657B98-0A95-1FD6-F7F6-90EFE4FFD2F4}.Debug|Any CPU.Build.0 = Debug|Any CPU
		{79657B98-0A95-1FD6-F7F6-90EFE4FFD2F4}.Debug|x64.ActiveCfg = Debug|Any CPU
		{79657B98-0A95-1FD6-F7F6-90EFE4FFD2F4}.Debug|x64.Build.0 = Debug|Any CPU
		{79657B98-0A95-1FD6-F7F6-90EFE4FFD2F4}.Debug|x86.ActiveCfg = Debug|Any CPU
		{79657B98-0A95-1FD6-F7F6-90EFE4FFD2F4}.Debug|x86.Build.0 = Debug|Any CPU
		{79657B98-0A95-1FD6-F7F6-90EFE4FFD2F4}.Release|Any CPU.ActiveCfg = Release|Any CPU
		{79657B98-0A95-1FD6-F7F6-90EFE4FFD2F4}.Release|Any CPU.Build.0 = Release|Any CPU
		{79657B98-0A95-1FD6-F7F6-90EFE4FFD2F4}.Release|x64.ActiveCfg = Release|Any CPU
		{79657B98-0A95-1FD6-F7F6-90EFE4FFD2F4}.Release|x64.Build.0 = Release|Any CPU
		{79657B98-0A95-1FD6-F7F6-90EFE4FFD2F4}.Release|x86.ActiveCfg = Release|Any CPU
		{79657B98-0A95-1FD6-F7F6-90EFE4FFD2F4}.Release|x86.Build.0 = Release|Any CPU
	EndGlobalSection
	GlobalSection(SolutionProperties) = preSolution
		HideSolutionNode = FALSE
	EndGlobalSection
	GlobalSection(NestedProjects) = preSolution
		{01784322-9C04-4041-A4C2-865298DD3737} = {C8D5274F-AC00-46C7-1F8D-E88E81087A52}
		{BFD7C5E1-D91A-41C5-91EA-06319FD1DA91} = {C8D5274F-AC00-46C7-1F8D-E88E81087A52}
		{6EA33B87-448F-46AC-ACE1-B8403C3E8EA6} = {C8D5274F-AC00-46C7-1F8D-E88E81087A52}
		{04A20172-8FA8-2721-22C2-F15068762534} = {063E8BFE-FDE3-4C44-8E81-A56FB5C5AF14}
		{B93BDF98-23C1-EC12-8868-708229A6904B} = {063E8BFE-FDE3-4C44-8E81-A56FB5C5AF14}
		{15381CAF-120D-4592-8333-6049C8C14526} = {D4753E82-1FB7-4700-BDAF-D2CB899A7D8E}
		{7B3E95C2-C1C9-4DE9-BF77-F23BB83E81EE} = {C8D5274F-AC00-46C7-1F8D-E88E81087A52}
		{393912C8-5E37-4148-8E34-916F386D8313} = {063E8BFE-FDE3-4C44-8E81-A56FB5C5AF14}
		{E193E5AB-0CC1-472D-B31E-75B60A80226E} = {063E8BFE-FDE3-4C44-8E81-A56FB5C5AF14}
		{96EAB23C-C40D-466B-9C72-CB8F5CF320DE} = {C8D5274F-AC00-46C7-1F8D-E88E81087A52}
		{6EAFA525-F419-4F98-B133-1DDFD6191E33} = {EF4FFB67-F962-467E-86C8-B4D096657890}
		{27AFEC72-F9E7-4438-A07C-746CC7F977D4} = {063E8BFE-FDE3-4C44-8E81-A56FB5C5AF14}
		{B9D2745B-BAF8-4A14-9033-06A38F14458A} = {FBDA37CE-3C65-41AB-ACC0-930D96320756}
		{BDC34740-144E-DFBB-16C9-5173CDB20690} = {96E71CB2-B793-4AAD-95A2-93A165238CA3}
		{10F79AC6-9B2C-9FCD-5CD1-866F2568E494} = {96E71CB2-B793-4AAD-95A2-93A165238CA3}
		{6498A7F1-40D7-413D-BF88-5F58728BF988} = {C8D5274F-AC00-46C7-1F8D-E88E81087A52}
		{E357152B-CACD-B393-3195-297E2EF727C1} = {96E71CB2-B793-4AAD-95A2-93A165238CA3}
		{79657B98-0A95-1FD6-F7F6-90EFE4FFD2F4} = {96E71CB2-B793-4AAD-95A2-93A165238CA3}
	EndGlobalSection
	GlobalSection(ExtensibilityGlobals) = postSolution
		SolutionGuid = {F5BEFC99-F9A9-477F-ACE1-CE87C95C43EB}
	EndGlobalSection
EndGlobal
